
Microsoft Visual Studio Solution File, Format Version 12.00
# Visual Studio Version 17
VisualStudioVersion = 17.12.35707.178 d17.12
MinimumVisualStudioVersion = 10.0.40219.1
Project("{FAE04EC0-301F-11D3-BF4B-00C04F79EFBC}") = "BedeLottery.Host", "BedeLottery\BedeLottery.Host.csproj", "{A31C8C88-1003-4A6D-B911-250AE5B4DDD5}"
EndProject
Project("{FAE04EC0-301F-11D3-BF4B-00C04F79EFBC}") = "BedeLottery.Client", "BedeLottery.Client\BedeLottery.Client.csproj", "{77C9F662-D4BD-4379-97B8-A079284A52B1}"
EndProject
Project("{FAE04EC0-301F-11D3-BF4B-00C04F79EFBC}") = "BedeLottery.Core", "BedeLottery.Core\BedeLottery.Core.csproj", "{8207DEBB-D43A-4DC2-87DA-7AE2FA40E709}"
EndProject
Project("{FAE04EC0-301F-11D3-BF4B-00C04F79EFBC}") = "BedeLottery.Tests", "BedeLottery.Tests\BedeLottery.Tests.csproj", "{74A2C3FC-38E5-4CAC-A03E-84378C55C7A1}"
EndProject
Project("{FAE04EC0-301F-11D3-BF4B-00C04F79EFBC}") = "BedeLottery.Common", "BedeLottery.Common\BedeLottery.Common.csproj", "{0BAB0755-9666-4710-8056-0AAD6FC1E1A5}"
EndProject
Global
	GlobalSection(SolutionConfigurationPlatforms) = preSolution
		Debug|Any CPU = Debug|Any CPU
		Release|Any CPU = Release|Any CPU
	EndGlobalSection
	GlobalSection(ProjectConfigurationPlatforms) = postSolution
		{A31C8C88-1003-4A6D-B911-250AE5B4DDD5}.Debug|Any CPU.ActiveCfg = Debug|Any CPU
		{A31C8C88-1003-4A6D-B911-250AE5B4DDD5}.Debug|Any CPU.Build.0 = Debug|Any CPU
		{A31C8C88-1003-4A6D-B911-250AE5B4DDD5}.Release|Any CPU.ActiveCfg = Release|Any CPU
		{A31C8C88-1003-4A6D-B911-250AE5B4DDD5}.Release|Any CPU.Build.0 = Release|Any CPU
		{77C9F662-D4BD-4379-97B8-A079284A52B1}.Debug|Any CPU.ActiveCfg = Debug|Any CPU
		{77C9F662-D4BD-4379-97B8-A079284A52B1}.Debug|Any CPU.Build.0 = Debug|Any CPU
		{77C9F662-D4BD-4379-97B8-A079284A52B1}.Release|Any CPU.ActiveCfg = Release|Any CPU
		{77C9F662-D4BD-4379-97B8-A079284A52B1}.Release|Any CPU.Build.0 = Release|Any CPU
		{8207DEBB-D43A-4DC2-87DA-7AE2FA40E709}.Debug|Any CPU.ActiveCfg = Debug|Any CPU
		{8207DEBB-D43A-4DC2-87DA-7AE2FA40E709}.Debug|Any CPU.Build.0 = Debug|Any CPU
		{8207DEBB-D43A-4DC2-87DA-7AE2FA40E709}.Release|Any CPU.ActiveCfg = Release|Any CPU
		{8207DEBB-D43A-4DC2-87DA-7AE2FA40E709}.Release|Any CPU.Build.0 = Release|Any CPU
		{74A2C3FC-38E5-4CAC-A03E-84378C55C7A1}.Debug|Any CPU.ActiveCfg = Debug|Any CPU
		{74A2C3FC-38E5-4CAC-A03E-84378C55C7A1}.Debug|Any CPU.Build.0 = Debug|Any CPU
		{74A2C3FC-38E5-4CAC-A03E-84378C55C7A1}.Release|Any CPU.ActiveCfg = Release|Any CPU
		{74A2C3FC-38E5-4CAC-A03E-84378C55C7A1}.Release|Any CPU.Build.0 = Release|Any CPU
		{0BAB0755-9666-4710-8056-0AAD6FC1E1A5}.Debug|Any CPU.ActiveCfg = Debug|Any CPU
		{0BAB0755-9666-4710-8056-0AAD6FC1E1A5}.Debug|Any CPU.Build.0 = Debug|Any CPU
		{0BAB0755-9666-4710-8056-0AAD6FC1E1A5}.Release|Any CPU.ActiveCfg = Release|Any CPU
		{0BAB0755-9666-4710-8056-0AAD6FC1E1A5}.Release|Any CPU.Build.0 = Release|Any CPU
	EndGlobalSection
	GlobalSection(SolutionProperties) = preSolution
		HideSolutionNode = FALSE
	EndGlobalSection
EndGlobal
